// !$*UTF8*$!
{
	archiveVersion = 1;
	classes = {
	};
	objectVersion = 56;
	objects = {

/* Begin PBXBuildFile section */
		77688CEC299739FA007C366F /* Attraction.swift in Sources */ = {isa = PBXBuildFile; fileRef = 77688CEB299739FA007C366F /* Attraction.swift */; };
		77688CEE29973A90007C366F /* ShopTableViewController.swift in Sources */ = {isa = PBXBuildFile; fileRef = 77688CED29973A90007C366F /* ShopTableViewController.swift */; };
		77688CF029973ABA007C366F /* ShopTableViewCell.swift in Sources */ = {isa = PBXBuildFile; fileRef = 77688CEF29973ABA007C366F /* ShopTableViewCell.swift */; };
		77688CF229973BC1007C366F /* Shop.swift in Sources */ = {isa = PBXBuildFile; fileRef = 77688CF129973BC1007C366F /* Shop.swift */; };
		77688CF42997613C007C366F /* DetailViewController.swift in Sources */ = {isa = PBXBuildFile; fileRef = 77688CF32997613C007C366F /* DetailViewController.swift */; };
		77688CF6299782A4007C366F /* HomeViewController.swift in Sources */ = {isa = PBXBuildFile; fileRef = 77688CF5299782A4007C366F /* HomeViewController.swift */; };
		77688CF829979496007C366F /* IntroViewController.swift in Sources */ = {isa = PBXBuildFile; fileRef = 77688CF729979496007C366F /* IntroViewController.swift */; };
		77BDE330299616AD000B8E65 /* AppDelegate.swift in Sources */ = {isa = PBXBuildFile; fileRef = 77BDE32F299616AD000B8E65 /* AppDelegate.swift */; };
		77BDE332299616AD000B8E65 /* SceneDelegate.swift in Sources */ = {isa = PBXBuildFile; fileRef = 77BDE331299616AD000B8E65 /* SceneDelegate.swift */; };
		77BDE337299616AD000B8E65 /* Main.storyboard in Resources */ = {isa = PBXBuildFile; fileRef = 77BDE335299616AD000B8E65 /* Main.storyboard */; };
		77BDE339299616AD000B8E65 /* Assets.xcassets in Resources */ = {isa = PBXBuildFile; fileRef = 77BDE338299616AD000B8E65 /* Assets.xcassets */; };
		77BDE33C299616AD000B8E65 /* LaunchScreen.storyboard in Resources */ = {isa = PBXBuildFile; fileRef = 77BDE33A299616AD000B8E65 /* LaunchScreen.storyboard */; };
		77BDE34429961D27000B8E65 /* OneViewController.swift in Sources */ = {isa = PBXBuildFile; fileRef = 77BDE34329961D27000B8E65 /* OneViewController.swift */; };
		77BDE34629961DF9000B8E65 /* OneCollectionViewCell.swift in Sources */ = {isa = PBXBuildFile; fileRef = 77BDE34529961DF9000B8E65 /* OneCollectionViewCell.swift */; };
		77BDE34829961EED000B8E65 /* Spot.swift in Sources */ = {isa = PBXBuildFile; fileRef = 77BDE34729961EED000B8E65 /* Spot.swift */; };
		77BDE34A299644FB000B8E65 /* GridCollectionViewController.swift in Sources */ = {isa = PBXBuildFile; fileRef = 77BDE349299644FB000B8E65 /* GridCollectionViewController.swift */; };
		77BDE34C29964552000B8E65 /* GridCollectionViewCell.swift in Sources */ = {isa = PBXBuildFile; fileRef = 77BDE34B29964552000B8E65 /* GridCollectionViewCell.swift */; };
/* End PBXBuildFile section */

/* Begin PBXFileReference section */
		77688CEB299739FA007C366F /* Attraction.swift */ = {isa = PBXFileReference; lastKnownFileType = sourcecode.swift; path = Attraction.swift; sourceTree = "<group>"; };
		77688CED29973A90007C366F /* ShopTableViewController.swift */ = {isa = PBXFileReference; lastKnownFileType = sourcecode.swift; path = ShopTableViewController.swift; sourceTree = "<group>"; };
		77688CEF29973ABA007C366F /* ShopTableViewCell.swift */ = {isa = PBXFileReference; lastKnownFileType = sourcecode.swift; path = ShopTableViewCell.swift; sourceTree = "<group>"; };
		77688CF129973BC1007C366F /* Shop.swift */ = {isa = PBXFileReference; lastKnownFileType = sourcecode.swift; path = Shop.swift; sourceTree = "<group>"; };
		77688CF32997613C007C366F /* DetailViewController.swift */ = {isa = PBXFileReference; lastKnownFileType = sourcecode.swift; path = DetailViewController.swift; sourceTree = "<group>"; };
		77688CF5299782A4007C366F /* HomeViewController.swift */ = {isa = PBXFileReference; lastKnownFileType = sourcecode.swift; path = HomeViewController.swift; sourceTree = "<group>"; };
		77688CF729979496007C366F /* IntroViewController.swift */ = {isa = PBXFileReference; lastKnownFileType = sourcecode.swift; path = IntroViewController.swift; sourceTree = "<group>"; };
		77BDE32C299616AD000B8E65 /* ebook2 CollectionView Practice.app */ = {isa = PBXFileReference; explicitFileType = wrapper.application; includeInIndex = 0; path = "ebook2 CollectionView Practice.app"; sourceTree = BUILT_PRODUCTS_DIR; };
		77BDE32F299616AD000B8E65 /* AppDelegate.swift */ = {isa = PBXFileReference; lastKnownFileType = sourcecode.swift; path = AppDelegate.swift; sourceTree = "<group>"; };
		77BDE331299616AD000B8E65 /* SceneDelegate.swift */ = {isa = PBXFileReference; lastKnownFileType = sourcecode.swift; path = SceneDelegate.swift; sourceTree = "<group>"; };
		77BDE336299616AD000B8E65 /* Base */ = {isa = PBXFileReference; lastKnownFileType = file.storyboard; name = Base; path = Base.lproj/Main.storyboard; sourceTree = "<group>"; };
		77BDE338299616AD000B8E65 /* Assets.xcassets */ = {isa = PBXFileReference; lastKnownFileType = folder.assetcatalog; path = Assets.xcassets; sourceTree = "<group>"; };
		77BDE33B299616AD000B8E65 /* Base */ = {isa = PBXFileReference; lastKnownFileType = file.storyboard; name = Base; path = Base.lproj/LaunchScreen.storyboard; sourceTree = "<group>"; };
		77BDE33D299616AD000B8E65 /* Info.plist */ = {isa = PBXFileReference; lastKnownFileType = text.plist.xml; path = Info.plist; sourceTree = "<group>"; };
		77BDE34329961D27000B8E65 /* OneViewController.swift */ = {isa = PBXFileReference; lastKnownFileType = sourcecode.swift; path = OneViewController.swift; sourceTree = "<group>"; };
		77BDE34529961DF9000B8E65 /* OneCollectionViewCell.swift */ = {isa = PBXFileReference; lastKnownFileType = sourcecode.swift; path = OneCollectionViewCell.swift; sourceTree = "<group>"; };
		77BDE34729961EED000B8E65 /* Spot.swift */ = {isa = PBXFileReference; lastKnownFileType = sourcecode.swift; path = Spot.swift; sourceTree = "<group>"; };
		77BDE349299644FB000B8E65 /* GridCollectionViewController.swift */ = {isa = PBXFileReference; lastKnownFileType = sourcecode.swift; path = GridCollectionViewController.swift; sourceTree = "<group>"; };
		77BDE34B29964552000B8E65 /* GridCollectionViewCell.swift */ = {isa = PBXFileReference; lastKnownFileType = sourcecode.swift; path = GridCollectionViewCell.swift; sourceTree = "<group>"; };
/* End PBXFileReference section */

/* Begin PBXFrameworksBuildPhase section */
		77BDE329299616AD000B8E65 /* Frameworks */ = {
			isa = PBXFrameworksBuildPhase;
			buildActionMask = 2147483647;
			files = (
			);
			runOnlyForDeploymentPostprocessing = 0;
		};
/* End PBXFrameworksBuildPhase section */

/* Begin PBXGroup section */
		77BDE323299616AD000B8E65 = {
			isa = PBXGroup;
			children = (
				77BDE32E299616AD000B8E65 /* ebook2 CollectionView Practice */,
				77BDE32D299616AD000B8E65 /* Products */,
			);
			sourceTree = "<group>";
		};
		77BDE32D299616AD000B8E65 /* Products */ = {
			isa = PBXGroup;
			children = (
				77BDE32C299616AD000B8E65 /* ebook2 CollectionView Practice.app */,
			);
			name = Products;
			sourceTree = "<group>";
		};
		77BDE32E299616AD000B8E65 /* ebook2 CollectionView Practice */ = {
			isa = PBXGroup;
			children = (
				77BDE32F299616AD000B8E65 /* AppDelegate.swift */,
				77BDE331299616AD000B8E65 /* SceneDelegate.swift */,
				77EADDEA29979AE400524CD0 /* Controllers */,
				77EADDEB29979B6500524CD0 /* Views */,
				77688CF129973BC1007C366F /* Shop.swift */,
				77688CEB299739FA007C366F /* Attraction.swift */,
				77BDE34729961EED000B8E65 /* Spot.swift */,
				77BDE335299616AD000B8E65 /* Main.storyboard */,
				77BDE338299616AD000B8E65 /* Assets.xcassets */,
				77BDE33A299616AD000B8E65 /* LaunchScreen.storyboard */,
				77BDE33D299616AD000B8E65 /* Info.plist */,
			);
			path = "ebook2 CollectionView Practice";
			sourceTree = "<group>";
		};
		77EADDEA29979AE400524CD0 /* Controllers */ = {
			isa = PBXGroup;
			children = (
				77688CF5299782A4007C366F /* HomeViewController.swift */,
				77688CF729979496007C366F /* IntroViewController.swift */,
				77688CED29973A90007C366F /* ShopTableViewController.swift */,
				77688CF32997613C007C366F /* DetailViewController.swift */,
				77BDE349299644FB000B8E65 /* GridCollectionViewController.swift */,
				77BDE34329961D27000B8E65 /* OneViewController.swift */,
			);
			path = Controllers;
			sourceTree = "<group>";
		};
		77EADDEB29979B6500524CD0 /* Views */ = {
			isa = PBXGroup;
			children = (
				77688CEF29973ABA007C366F /* ShopTableViewCell.swift */,
				77BDE34B29964552000B8E65 /* GridCollectionViewCell.swift */,
				77BDE34529961DF9000B8E65 /* OneCollectionViewCell.swift */,
			);
			path = Views;
			sourceTree = "<group>";
		};
/* End PBXGroup section */

/* Begin PBXNativeTarget section */
		77BDE32B299616AD000B8E65 /* ebook2 CollectionView Practice */ = {
			isa = PBXNativeTarget;
			buildConfigurationList = 77BDE340299616AD000B8E65 /* Build configuration list for PBXNativeTarget "ebook2 CollectionView Practice" */;
			buildPhases = (
				77BDE328299616AD000B8E65 /* Sources */,
				77BDE329299616AD000B8E65 /* Frameworks */,
				77BDE32A299616AD000B8E65 /* Resources */,
			);
			buildRules = (
			);
			dependencies = (
			);
			name = "ebook2 CollectionView Practice";
			productName = "ebook2 CollectionView Practice";
			productReference = 77BDE32C299616AD000B8E65 /* ebook2 CollectionView Practice.app */;
			productType = "com.apple.product-type.application";
		};
/* End PBXNativeTarget section */

/* Begin PBXProject section */
		77BDE324299616AD000B8E65 /* Project object */ = {
			isa = PBXProject;
			attributes = {
				BuildIndependentTargetsInParallel = 1;
				LastSwiftUpdateCheck = 1420;
				LastUpgradeCheck = 1420;
				TargetAttributes = {
					77BDE32B299616AD000B8E65 = {
						CreatedOnToolsVersion = 14.2;
					};
				};
			};
			buildConfigurationList = 77BDE327299616AD000B8E65 /* Build configuration list for PBXProject "ebook2 CollectionView Practice" */;
			compatibilityVersion = "Xcode 14.0";
			developmentRegion = en;
			hasScannedForEncodings = 0;
			knownRegions = (
				en,
				Base,
			);
			mainGroup = 77BDE323299616AD000B8E65;
			productRefGroup = 77BDE32D299616AD000B8E65 /* Products */;
			projectDirPath = "";
			projectRoot = "";
			targets = (
				77BDE32B299616AD000B8E65 /* ebook2 CollectionView Practice */,
			);
		};
/* End PBXProject section */

/* Begin PBXResourcesBuildPhase section */
		77BDE32A299616AD000B8E65 /* Resources */ = {
			isa = PBXResourcesBuildPhase;
			buildActionMask = 2147483647;
			files = (
				77BDE33C299616AD000B8E65 /* LaunchScreen.storyboard in Resources */,
				77BDE339299616AD000B8E65 /* Assets.xcassets in Resources */,
				77BDE337299616AD000B8E65 /* Main.storyboard in Resources */,
			);
			runOnlyForDeploymentPostprocessing = 0;
		};
/* End PBXResourcesBuildPhase section */

/* Begin PBXSourcesBuildPhase section */
		77BDE328299616AD000B8E65 /* Sources */ = {
			isa = PBXSourcesBuildPhase;
			buildActionMask = 2147483647;
			files = (
				77BDE34829961EED000B8E65 /* Spot.swift in Sources */,
				77BDE330299616AD000B8E65 /* AppDelegate.swift in Sources */,
				77688CEE29973A90007C366F /* ShopTableViewController.swift in Sources */,
				77688CF42997613C007C366F /* DetailViewController.swift in Sources */,
				77688CF229973BC1007C366F /* Shop.swift in Sources */,
				77BDE332299616AD000B8E65 /* SceneDelegate.swift in Sources */,
				77BDE34429961D27000B8E65 /* OneViewController.swift in Sources */,
				77688CF029973ABA007C366F /* ShopTableViewCell.swift in Sources */,
				77688CEC299739FA007C366F /* Attraction.swift in Sources */,
				77688CF829979496007C366F /* IntroViewController.swift in Sources */,
				77BDE34C29964552000B8E65 /* GridCollectionViewCell.swift in Sources */,
				77BDE34A299644FB000B8E65 /* GridCollectionViewController.swift in Sources */,
				77688CF6299782A4007C366F /* HomeViewController.swift in Sources */,
				77BDE34629961DF9000B8E65 /* OneCollectionViewCell.swift in Sources */,
			);
			runOnlyForDeploymentPostprocessing = 0;
		};
/* End PBXSourcesBuildPhase section */

/* Begin PBXVariantGroup section */
		77BDE335299616AD000B8E65 /* Main.storyboard */ = {
			isa = PBXVariantGroup;
			children = (
				77BDE336299616AD000B8E65 /* Base */,
			);
			name = Main.storyboard;
			sourceTree = "<group>";
		};
		77BDE33A299616AD000B8E65 /* LaunchScreen.storyboard */ = {
			isa = PBXVariantGroup;
			children = (
				77BDE33B299616AD000B8E65 /* Base */,
			);
			name = LaunchScreen.storyboard;
			sourceTree = "<group>";
		};
/* End PBXVariantGroup section */

/* Begin XCBuildConfiguration section */
		77BDE33E299616AD000B8E65 /* Debug */ = {
			isa = XCBuildConfiguration;
			buildSettings = {
				ALWAYS_SEARCH_USER_PATHS = NO;
				CLANG_ANALYZER_NONNULL = YES;
				CLANG_ANALYZER_NUMBER_OBJECT_CONVERSION = YES_AGGRESSIVE;
				CLANG_CXX_LANGUAGE_STANDARD = "gnu++20";
				CLANG_ENABLE_MODULES = YES;
				CLANG_ENABLE_OBJC_ARC = YES;
				CLANG_ENABLE_OBJC_WEAK = YES;
				CLANG_WARN_BLOCK_CAPTURE_AUTORELEASING = YES;
				CLANG_WARN_BOOL_CONVERSION = YES;
				CLANG_WARN_COMMA = YES;
				CLANG_WARN_CONSTANT_CONVERSION = YES;
				CLANG_WARN_DEPRECATED_OBJC_IMPLEMENTATIONS = YES;
				CLANG_WARN_DIRECT_OBJC_ISA_USAGE = YES_ERROR;
				CLANG_WARN_DOCUMENTATION_COMMENTS = YES;
				CLANG_WARN_EMPTY_BODY = YES;
				CLANG_WARN_ENUM_CONVERSION = YES;
				CLANG_WARN_INFINITE_RECURSION = YES;
				CLANG_WARN_INT_CONVERSION = YES;
				CLANG_WARN_NON_LITERAL_NULL_CONVERSION = YES;
				CLANG_WARN_OBJC_IMPLICIT_RETAIN_SELF = YES;
				CLANG_WARN_OBJC_LITERAL_CONVERSION = YES;
				CLANG_WARN_OBJC_ROOT_CLASS = YES_ERROR;
				CLANG_WARN_QUOTED_INCLUDE_IN_FRAMEWORK_HEADER = YES;
				CLANG_WARN_RANGE_LOOP_ANALYSIS = YES;
				CLANG_WARN_STRICT_PROTOTYPES = YES;
				CLANG_WARN_SUSPICIOUS_MOVE = YES;
				CLANG_WARN_UNGUARDED_AVAILABILITY = YES_AGGRESSIVE;
				CLANG_WARN_UNREACHABLE_CODE = YES;
				CLANG_WARN__DUPLICATE_METHOD_MATCH = YES;
				COPY_PHASE_STRIP = NO;
				DEBUG_INFORMATION_FORMAT = dwarf;
				ENABLE_STRICT_OBJC_MSGSEND = YES;
				ENABLE_TESTABILITY = YES;
				GCC_C_LANGUAGE_STANDARD = gnu11;
				GCC_DYNAMIC_NO_PIC = NO;
				GCC_NO_COMMON_BLOCKS = YES;
				GCC_OPTIMIZATION_LEVEL = 0;
				GCC_PREPROCESSOR_DEFINITIONS = (
					"DEBUG=1",
					"$(inherited)",
				);
				GCC_WARN_64_TO_32_BIT_CONVERSION = YES;
				GCC_WARN_ABOUT_RETURN_TYPE = YES_ERROR;
				GCC_WARN_UNDECLARED_SELECTOR = YES;
				GCC_WARN_UNINITIALIZED_AUTOS = YES_AGGRESSIVE;
				GCC_WARN_UNUSED_FUNCTION = YES;
				GCC_WARN_UNUSED_VARIABLE = YES;
				IPHONEOS_DEPLOYMENT_TARGET = 16.2;
				MTL_ENABLE_DEBUG_INFO = INCLUDE_SOURCE;
				MTL_FAST_MATH = YES;
				ONLY_ACTIVE_ARCH = YES;
				SDKROOT = iphoneos;
				SWIFT_ACTIVE_COMPILATION_CONDITIONS = DEBUG;
				SWIFT_OPTIMIZATION_LEVEL = "-Onone";
			};
			name = Debug;
		};
		77BDE33F299616AD000B8E65 /* Release */ = {
			isa = XCBuildConfiguration;
			buildSettings = {
				ALWAYS_SEARCH_USER_PATHS = NO;
				CLANG_ANALYZER_NONNULL = YES;
				CLANG_ANALYZER_NUMBER_OBJECT_CONVERSION = YES_AGGRESSIVE;
				CLANG_CXX_LANGUAGE_STANDARD = "gnu++20";
				CLANG_ENABLE_MODULES = YES;
				CLANG_ENABLE_OBJC_ARC = YES;
				CLANG_ENABLE_OBJC_WEAK = YES;
				CLANG_WARN_BLOCK_CAPTURE_AUTORELEASING = YES;
				CLANG_WARN_BOOL_CONVERSION = YES;
				CLANG_WARN_COMMA = YES;
				CLANG_WARN_CONSTANT_CONVERSION = YES;
				CLANG_WARN_DEPRECATED_OBJC_IMPLEMENTATIONS = YES;
				CLANG_WARN_DIRECT_OBJC_ISA_USAGE = YES_ERROR;
				CLANG_WARN_DOCUMENTATION_COMMENTS = YES;
				CLANG_WARN_EMPTY_BODY = YES;
				CLANG_WARN_ENUM_CONVERSION = YES;
				CLANG_WARN_INFINITE_RECURSION = YES;
				CLANG_WARN_INT_CONVERSION = YES;
				CLANG_WARN_NON_LITERAL_NULL_CONVERSION = YES;
				CLANG_WARN_OBJC_IMPLICIT_RETAIN_SELF = YES;
				CLANG_WARN_OBJC_LITERAL_CONVERSION = YES;
				CLANG_WARN_OBJC_ROOT_CLASS = YES_ERROR;
				CLANG_WARN_QUOTED_INCLUDE_IN_FRAMEWORK_HEADER = YES;
				CLANG_WARN_RANGE_LOOP_ANALYSIS = YES;
				CLANG_WARN_STRICT_PROTOTYPES = YES;
				CLANG_WARN_SUSPICIOUS_MOVE = YES;
				CLANG_WARN_UNGUARDED_AVAILABILITY = YES_AGGRESSIVE;
				CLANG_WARN_UNREACHABLE_CODE = YES;
				CLANG_WARN__DUPLICATE_METHOD_MATCH = YES;
				COPY_PHASE_STRIP = NO;
				DEBUG_INFORMATION_FORMAT = "dwarf-with-dsym";
				ENABLE_NS_ASSERTIONS = NO;
				ENABLE_STRICT_OBJC_MSGSEND = YES;
				GCC_C_LANGUAGE_STANDARD = gnu11;
				GCC_NO_COMMON_BLOCKS = YES;
				GCC_WARN_64_TO_32_BIT_CONVERSION = YES;
				GCC_WARN_ABOUT_RETURN_TYPE = YES_ERROR;
				GCC_WARN_UNDECLARED_SELECTOR = YES;
				GCC_WARN_UNINITIALIZED_AUTOS = YES_AGGRESSIVE;
				GCC_WARN_UNUSED_FUNCTION = YES;
				GCC_WARN_UNUSED_VARIABLE = YES;
				IPHONEOS_DEPLOYMENT_TARGET = 16.2;
				MTL_ENABLE_DEBUG_INFO = NO;
				MTL_FAST_MATH = YES;
				SDKROOT = iphoneos;
				SWIFT_COMPILATION_MODE = wholemodule;
				SWIFT_OPTIMIZATION_LEVEL = "-O";
				VALIDATE_PRODUCT = YES;
			};
			name = Release;
		};
		77BDE341299616AD000B8E65 /* Debug */ = {
			isa = XCBuildConfiguration;
			buildSettings = {
				ASSETCATALOG_COMPILER_APPICON_NAME = AppIcon;
				ASSETCATALOG_COMPILER_GLOBAL_ACCENT_COLOR_NAME = AccentColor;
				CODE_SIGN_STYLE = Automatic;
				CURRENT_PROJECT_VERSION = 1;
				DEVELOPMENT_TEAM = CFFK3CHSWD;
				GENERATE_INFOPLIST_FILE = YES;
				INFOPLIST_FILE = "ebook2 CollectionView Practice/Info.plist";
				INFOPLIST_KEY_UIApplicationSupportsIndirectInputEvents = YES;
				INFOPLIST_KEY_UILaunchStoryboardName = LaunchScreen;
				INFOPLIST_KEY_UIMainStoryboardFile = Main;
				INFOPLIST_KEY_UISupportedInterfaceOrientations_iPad = "UIInterfaceOrientationPortrait UIInterfaceOrientationPortraitUpsideDown UIInterfaceOrientationLandscapeLeft UIInterfaceOrientationLandscapeRight";
				INFOPLIST_KEY_UISupportedInterfaceOrientations_iPhone = "UIInterfaceOrientationPortrait UIInterfaceOrientationLandscapeLeft UIInterfaceOrientationLandscapeRight";
				LD_RUNPATH_SEARCH_PATHS = (
					"$(inherited)",
					"@executable_path/Frameworks",
				);
				MARKETING_VERSION = 1.0;
				PRODUCT_BUNDLE_IDENTIFIER = "com.RyanCY.ebook2-CollectionView-Practice";
				PRODUCT_NAME = "$(TARGET_NAME)";
				SWIFT_EMIT_LOC_STRINGS = YES;
				SWIFT_VERSION = 5.0;
				TARGETED_DEVICE_FAMILY = "1,2";
			};
			name = Debug;
		};
		77BDE342299616AD000B8E65 /* Release */ = {
			isa = XCBuildConfiguration;
			buildSettings = {
				ASSETCATALOG_COMPILER_APPICON_NAME = AppIcon;
				ASSETCATALOG_COMPILER_GLOBAL_ACCENT_COLOR_NAME = AccentColor;
				CODE_SIGN_STYLE = Automatic;
				CURRENT_PROJECT_VERSION = 1;
				DEVELOPMENT_TEAM = CFFK3CHSWD;
				GENERATE_INFOPLIST_FILE = YES;
				INFOPLIST_FILE = "ebook2 CollectionView Practice/Info.plist";
				INFOPLIST_KEY_UIApplicationSupportsIndirectInputEvents = YES;
				INFOPLIST_KEY_UILaunchStoryboardName = LaunchScreen;
				INFOPLIST_KEY_UIMainStoryboardFile = Main;
				INFOPLIST_KEY_UISupportedInterfaceOrientations_iPad = "UIInterfaceOrientationPortrait UIInterfaceOrientationPortraitUpsideDown UIInterfaceOrientationLandscapeLeft UIInterfaceOrientationLandscapeRight";
				INFOPLIST_KEY_UISupportedInterfaceOrientations_iPhone = "UIInterfaceOrientationPortrait UIInterfaceOrientationLandscapeLeft UIInterfaceOrientationLandscapeRight";
				LD_RUNPATH_SEARCH_PATHS = (
					"$(inherited)",
					"@executable_path/Frameworks",
				);
				MARKETING_VERSION = 1.0;
				PRODUCT_BUNDLE_IDENTIFIER = "com.RyanCY.ebook2-CollectionView-Practice";
				PRODUCT_NAME = "$(TARGET_NAME)";
				SWIFT_EMIT_LOC_STRINGS = YES;
				SWIFT_VERSION = 5.0;
				TARGETED_DEVICE_FAMILY = "1,2";
			};
			name = Release;
		};
/* End XCBuildConfiguration section */

/* Begin XCConfigurationList section */
		77BDE327299616AD000B8E65 /* Build configuration list for PBXProject "ebook2 CollectionView Practice" */ = {
			isa = XCConfigurationList;
			buildConfigurations = (
				77BDE33E299616AD000B8E65 /* Debug */,
				77BDE33F299616AD000B8E65 /* Release */,
			);
			defaultConfigurationIsVisible = 0;
			defaultConfigurationName = Release;
		};
		77BDE340299616AD000B8E65 /* Build configuration list for PBXNativeTarget "ebook2 CollectionView Practice" */ = {
			isa = XCConfigurationList;
			buildConfigurations = (
				77BDE341299616AD000B8E65 /* Debug */,
				77BDE342299616AD000B8E65 /* Release */,
			);
			defaultConfigurationIsVisible = 0;
			defaultConfigurationName = Release;
		};
/* End XCConfigurationList section */
	};
	rootObject = 77BDE324299616AD000B8E65 /* Project object */;
}
